
Microsoft Visual Studio Solution File, Format Version 12.00
# Visual Studio Version 16
VisualStudioVersion = 16.0.29001.49
MinimumVisualStudioVersion = 10.0.40219.1
Project("{FAE04EC0-301F-11D3-BF4B-00C04F79EFBC}") = "SaintSender", "SaintSender\SaintSender.csproj", "{DEB9F71F-5E5B-4BA6-B279-A8B4BA66F95C}"
EndProject
Global
	GlobalSection(SolutionConfigurationPlatforms) = preSolution
		Debug|Any CPU = Debug|Any CPU
		Release|Any CPU = Release|Any CPU
	EndGlobalSection
	GlobalSection(ProjectConfigurationPlatforms) = postSolution
		{DEB9F71F-5E5B-4BA6-B279-A8B4BA66F95C}.Debug|Any CPU.ActiveCfg = Debug|Any CPU
		{DEB9F71F-5E5B-4BA6-B279-A8B4BA66F95C}.Debug|Any CPU.Build.0 = Debug|Any CPU
		{DEB9F71F-5E5B-4BA6-B279-A8B4BA66F95C}.Release|Any CPU.ActiveCfg = Release|Any CPU
		{DEB9F71F-5E5B-4BA6-B279-A8B4BA66F95C}.Release|Any CPU.Build.0 = Release|Any CPU
	EndGlobalSection
	GlobalSection(SolutionProperties) = preSolution
		HideSolutionNode = FALSE
	EndGlobalSection
	GlobalSection(ExtensibilityGlobals) = postSolution
		SolutionGuid = {DA4C5784-DE61-4D77-A02A-5F705F820EB8}
	EndGlobalSection
EndGlobal
